
Microsoft Visual Studio Solution File, Format Version 12.00
# Visual Studio Version 17
VisualStudioVersion = 17.12.35707.178
MinimumVisualStudioVersion = 10.0.40219.1
Project("{FAE04EC0-301F-11D3-BF4B-00C04F79EFBC}") = "01-Poo", "..\01-Poo\01-Poo.csproj", "{32730FFD-EF3A-4EEA-BFEE-537B8EE39048}"
EndProject
Project("{FAE04EC0-301F-11D3-BF4B-00C04F79EFBC}") = "02-Poo", "02-Poo\02-Poo.csproj", "{127FF3EB-6183-4345-BA01-4802569733AF}"
EndProject
Global
	GlobalSection(SolutionConfigurationPlatforms) = preSolution
		Debug|Any CPU = Debug|Any CPU
		Release|Any CPU = Release|Any CPU
	EndGlobalSection
	GlobalSection(ProjectConfigurationPlatforms) = postSolution
		{32730FFD-EF3A-4EEA-BFEE-537B8EE39048}.Debug|Any CPU.ActiveCfg = Debug|Any CPU
		{32730FFD-EF3A-4EEA-BFEE-537B8EE39048}.Debug|Any CPU.Build.0 = Debug|Any CPU
		{32730FFD-EF3A-4EEA-BFEE-537B8EE39048}.Release|Any CPU.ActiveCfg = Release|Any CPU
		{32730FFD-EF3A-4EEA-BFEE-537B8EE39048}.Release|Any CPU.Build.0 = Release|Any CPU
		{127FF3EB-6183-4345-BA01-4802569733AF}.Debug|Any CPU.ActiveCfg = Debug|Any CPU
		{127FF3EB-6183-4345-BA01-4802569733AF}.Debug|Any CPU.Build.0 = Debug|Any CPU
		{127FF3EB-6183-4345-BA01-4802569733AF}.Release|Any CPU.ActiveCfg = Release|Any CPU
		{127FF3EB-6183-4345-BA01-4802569733AF}.Release|Any CPU.Build.0 = Release|Any CPU
	EndGlobalSection
	GlobalSection(SolutionProperties) = preSolution
		HideSolutionNode = FALSE
	EndGlobalSection
EndGlobal
